
Microsoft Visual Studio Solution File, Format Version 12.00
# Visual Studio Version 16
VisualStudioVersion = 16.0.32630.194
MinimumVisualStudioVersion = 10.0.40219.1
Project("{FAE04EC0-301F-11D3-BF4B-00C04F79EFBC}") = "Exercicio5_BBP-Lorenzo", "Exercicio5_BBP-Lorenzo.csproj", "{F982A289-D981-478E-8BAF-FEDFD51381BB}"
EndProject
Global
	GlobalSection(SolutionConfigurationPlatforms) = preSolution
		Debug|Any CPU = Debug|Any CPU
		Release|Any CPU = Release|Any CPU
	EndGlobalSection
	GlobalSection(ProjectConfigurationPlatforms) = postSolution
		{F982A289-D981-478E-8BAF-FEDFD51381BB}.Debug|Any CPU.ActiveCfg = Debug|Any CPU
		{F982A289-D981-478E-8BAF-FEDFD51381BB}.Debug|Any CPU.Build.0 = Debug|Any CPU
		{F982A289-D981-478E-8BAF-FEDFD51381BB}.Release|Any CPU.ActiveCfg = Release|Any CPU
		{F982A289-D981-478E-8BAF-FEDFD51381BB}.Release|Any CPU.Build.0 = Release|Any CPU
	EndGlobalSection
	GlobalSection(SolutionProperties) = preSolution
		HideSolutionNode = FALSE
	EndGlobalSection
	GlobalSection(ExtensibilityGlobals) = postSolution
		SolutionGuid = {2A5AE93D-4264-4F33-8E6F-752048B1D042}
	EndGlobalSection
EndGlobal
